
Microsoft Visual Studio Solution File, Format Version 12.00
# Visual Studio 15
VisualStudioVersion = 15.0.28307.1800
MinimumVisualStudioVersion = 10.0.40219.1
Project("{FAE04EC0-301F-11D3-BF4B-00C04F79EFBC}") = "UHF_EPD_Demo_New", "UHF_EPD_Demo_New\UHF_EPD_Demo_New.csproj", "{46812114-FFE9-4F3E-BDEF-4A08B0D0608D}"
EndProject
Global
	GlobalSection(SolutionConfigurationPlatforms) = preSolution
		Debug|Any CPU = Debug|Any CPU
		Release|Any CPU = Release|Any CPU
	EndGlobalSection
	GlobalSection(ProjectConfigurationPlatforms) = postSolution
		{46812114-FFE9-4F3E-BDEF-4A08B0D0608D}.Debug|Any CPU.ActiveCfg = Debug|Any CPU
		{46812114-FFE9-4F3E-BDEF-4A08B0D0608D}.Debug|Any CPU.Build.0 = Debug|Any CPU
		{46812114-FFE9-4F3E-BDEF-4A08B0D0608D}.Release|Any CPU.ActiveCfg = Release|Any CPU
		{46812114-FFE9-4F3E-BDEF-4A08B0D0608D}.Release|Any CPU.Build.0 = Release|Any CPU
	EndGlobalSection
	GlobalSection(SolutionProperties) = preSolution
		HideSolutionNode = FALSE
	EndGlobalSection
	GlobalSection(ExtensibilityGlobals) = postSolution
		SolutionGuid = {C41798C5-8328-42B2-93BE-7A43FDBA2CFB}
	EndGlobalSection
EndGlobal
